// !$*UTF8*$!
{
	archiveVersion = 1;
	classes = {
	};
	objectVersion = 50;
	objects = {

/* Begin PBXFileReference section */
		67FAD2EB25B68FCA00AFD025 /* l5_DmitrievSergey.playground */ = {isa = PBXFileReference; lastKnownFileType = file.playground; path = l5_DmitrievSergey.playground; sourceTree = "<group>"; xcLanguageSpecificationIdentifier = xcode.lang.swift; };
/* End PBXFileReference section */

/* Begin PBXGroup section */
		67FAD2E425B68FAE00AFD025 = {
			isa = PBXGroup;
			children = (
				67FAD2EB25B68FCA00AFD025 /* l5_DmitrievSergey.playground */,
			);
			sourceTree = "<group>";
		};
/* End PBXGroup section */

/* Begin PBXProject section */
		67FAD2E525B68FAE00AFD025 /* Project object */ = {
			isa = PBXProject;
			attributes = {
				LastUpgradeCheck = 1230;
			};
			buildConfigurationList = 67FAD2E825B68FAE00AFD025 /* Build configuration list for PBXProject "lesson5" */;
			compatibilityVersion = "Xcode 9.3";
			developmentRegion = en;
			hasScannedForEncodings = 0;
			knownRegions = (
				en,
				Base,
			);
			mainGroup = 67FAD2E425B68FAE00AFD025;
			projectDirPath = "";
			projectRoot = "";
			targets = (
			);
		};
/* End PBXProject section */

/* Begin XCBuildConfiguration section */
		67FAD2E925B68FAE00AFD025 /* Debug */ = {
			isa = XCBuildConfiguration;
			buildSettings = {
			};
			name = Debug;
		};
		67FAD2EA25B68FAE00AFD025 /* Release */ = {
			isa = XCBuildConfiguration;
			buildSettings = {
			};
			name = Release;
		};
/* End XCBuildConfiguration section */

/* Begin XCConfigurationList section */
		67FAD2E825B68FAE00AFD025 /* Build configuration list for PBXProject "lesson5" */ = {
			isa = XCConfigurationList;
			buildConfigurations = (
				67FAD2E925B68FAE00AFD025 /* Debug */,
				67FAD2EA25B68FAE00AFD025 /* Release */,
			);
			defaultConfigurationIsVisible = 0;
			defaultConfigurationName = Release;
		};
/* End XCConfigurationList section */
	};
	rootObject = 67FAD2E525B68FAE00AFD025 /* Project object */;
}
